PODS:
  - Alamofire (4.9.0)
  - Kingfisher (5.11.0):
    - Kingfisher/Core (= 5.11.0)
  - Kingfisher/Core (5.11.0)
  - Moya (13.0.1):
    - Moya/Core (= 13.0.1)
  - Moya/Core (13.0.1):
    - Alamofire (~> 4.1)
    - Result (~> 4.1)
  - PKHUD (5.3.0)
  - Result (4.1.0)
  - SnapKit (5.0.1)

DEPENDENCIES:
  - Kingfisher
  - Moya (~> 13.0)
  - PKHUD (~> 5.0)
  - SnapKit (~> 5.0.0)

SPEC REPOS:
  trunk:
    - Alamofire
    - Kingfisher
    - Moya
    - PKHUD
    - Result
    - SnapKit

SPEC CHECKSUMS:
  Alamofire: afc3e7c6db61476cb45cdd23fed06bad03bbc321
  Kingfisher: 4569606189149e19c7d9439f47e885d0679b7a90
  Moya: f4a4b80ff2f8a4ffc208dfb31cd91636622fee6e
  PKHUD: 98f3e4bc904b9c916f1c5bb6d765365b5357291b
  Result: bd966fac789cc6c1563440b348ab2598cc24d5c7
  SnapKit: 97b92857e3df3a0c71833cce143274bf6ef8e5eb

PODFILE CHECKSUM: a8c0da98ee66f5b339534720ce6104088e140470

COCOAPODS: 1.8.4
